// !$*UTF8*$!
{
	archiveVersion = 1;
	classes = {
	};
	objectVersion = 46;
	objects = {

/* Begin PBXBuildFile section */
		F1A52A5E1C554ECF00E20A2F /* AppDelegate.swift in Sources */ = {isa = PBXBuildFile; fileRef = F1A52A5D1C554ECF00E20A2F /* AppDelegate.swift */; };
		F1A52A601C554ECF00E20A2F /* ViewController.swift in Sources */ = {isa = PBXBuildFile; fileRef = F1A52A5F1C554ECF00E20A2F /* ViewController.swift */; };
		F1A52A631C554ECF00E20A2F /* Main.storyboard in Resources */ = {isa = PBXBuildFile; fileRef = F1A52A611C554ECF00E20A2F /* Main.storyboard */; };
		F1A52A651C554ECF00E20A2F /* Assets.xcassets in Resources */ = {isa = PBXBuildFile; fileRef = F1A52A641C554ECF00E20A2F /* Assets.xcassets */; };
		F1A52A681C554ECF00E20A2F /* LaunchScreen.storyboard in Resources */ = {isa = PBXBuildFile; fileRef = F1A52A661C554ECF00E20A2F /* LaunchScreen.storyboard */; };
		F1A52A701C554F3200E20A2F /* PersonClass.swift in Sources */ = {isa = PBXBuildFile; fileRef = F1A52A6F1C554F3200E20A2F /* PersonClass.swift */; };
/* End PBXBuildFile section */

/* Begin PBXFileReference section */
		F1A52A5A1C554ECF00E20A2F /* Person.app */ = {isa = PBXFileReference; explicitFileType = wrapper.application; includeInIndex = 0; path = Person.app; sourceTree = BUILT_PRODUCTS_DIR; };
		F1A52A5D1C554ECF00E20A2F /* AppDelegate.swift */ = {isa = PBXFileReference; lastKnownFileType = sourcecode.swift; path = AppDelegate.swift; sourceTree = "<group>"; };
		F1A52A5F1C554ECF00E20A2F /* ViewController.swift */ = {isa = PBXFileReference; lastKnownFileType = sourcecode.swift; path = ViewController.swift; sourceTree = "<group>"; };
		F1A52A621C554ECF00E20A2F /* Base */ = {isa = PBXFileReference; lastKnownFileType = file.storyboard; name = Base; path = Base.lproj/Main.storyboard; sourceTree = "<group>"; };
		F1A52A641C554ECF00E20A2F /* Assets.xcassets */ = {isa = PBXFileReference; lastKnownFileType = folder.assetcatalog; path = Assets.xcassets; sourceTree = "<group>"; };
		F1A52A671C554ECF00E20A2F /* Base */ = {isa = PBXFileReference; lastKnownFileType = file.storyboard; name = Base; path = Base.lproj/LaunchScreen.storyboard; sourceTree = "<group>"; };
		F1A52A691C554ECF00E20A2F /* Info.plist */ = {isa = PBXFileReference; lastKnownFileType = text.plist.xml; path = Info.plist; sourceTree = "<group>"; };
		F1A52A6F1C554F3200E20A2F /* PersonClass.swift */ = {isa = PBXFileReference; fileEncoding = 4; lastKnownFileType = sourcecode.swift; path = PersonClass.swift; sourceTree = "<group>"; };
/* End PBXFileReference section */

/* Begin PBXFrameworksBuildPhase section */
		F1A52A571C554ECF00E20A2F /* Frameworks */ = {
			isa = PBXFrameworksBuildPhase;
			buildActionMask = 2147483647;
			files = (
			);
			runOnlyForDeploymentPostprocessing = 0;
		};
/* End PBXFrameworksBuildPhase section */

/* Begin PBXGroup section */
		F1A52A511C554ECF00E20A2F = {
			isa = PBXGroup;
			children = (
				F1A52A5C1C554ECF00E20A2F /* Person */,
				F1A52A5B1C554ECF00E20A2F /* Products */,
			);
			sourceTree = "<group>";
		};
		F1A52A5B1C554ECF00E20A2F /* Products */ = {
			isa = PBXGroup;
			children = (
				F1A52A5A1C554ECF00E20A2F /* Person.app */,
			);
			name = Products;
			sourceTree = "<group>";
		};
		F1A52A5C1C554ECF00E20A2F /* Person */ = {
			isa = PBXGroup;
			children = (
				F1A52A5D1C554ECF00E20A2F /* AppDelegate.swift */,
				F1A52A5F1C554ECF00E20A2F /* ViewController.swift */,
				F1A52A6F1C554F3200E20A2F /* PersonClass.swift */,
				F1A52A611C554ECF00E20A2F /* Main.storyboard */,
				F1A52A641C554ECF00E20A2F /* Assets.xcassets */,
				F1A52A661C554ECF00E20A2F /* LaunchScreen.storyboard */,
				F1A52A691C554ECF00E20A2F /* Info.plist */,
			);
			path = Person;
			sourceTree = "<group>";
		};
/* End PBXGroup section */

/* Begin PBXNativeTarget section */
		F1A52A591C554ECF00E20A2F /* Person */ = {
			isa = PBXNativeTarget;
			buildConfigurationList = F1A52A6C1C554ECF00E20A2F /* Build configuration list for PBXNativeTarget "Person" */;
			buildPhases = (
				F1A52A561C554ECF00E20A2F /* Sources */,
				F1A52A571C554ECF00E20A2F /* Frameworks */,
				F1A52A581C554ECF00E20A2F /* Resources */,
			);
			buildRules = (
			);
			dependencies = (
			);
			name = Person;
			productName = Person;
			productReference = F1A52A5A1C554ECF00E20A2F /* Person.app */;
			productType = "com.apple.product-type.application";
		};
/* End PBXNativeTarget section */

/* Begin PBXProject section */
		F1A52A521C554ECF00E20A2F /* Project object */ = {
			isa = PBXProject;
			attributes = {
				LastSwiftUpdateCheck = 0720;
				LastUpgradeCheck = 0720;
				ORGANIZATIONNAME = "Kate Simmons";
				TargetAttributes = {
					F1A52A591C554ECF00E20A2F = {
						CreatedOnToolsVersion = 7.2;
					};
				};
			};
			buildConfigurationList = F1A52A551C554ECF00E20A2F /* Build configuration list for PBXProject "Person" */;
			compatibilityVersion = "Xcode 3.2";
			developmentRegion = English;
			hasScannedForEncodings = 0;
			knownRegions = (
				en,
				Base,
			);
			mainGroup = F1A52A511C554ECF00E20A2F;
			productRefGroup = F1A52A5B1C554ECF00E20A2F /* Products */;
			projectDirPath = "";
			projectRoot = "";
			targets = (
				F1A52A591C554ECF00E20A2F /* Person */,
			);
		};
/* End PBXProject section */

/* Begin PBXResourcesBuildPhase section */
		F1A52A581C554ECF00E20A2F /* Resources */ = {
			isa = PBXResourcesBuildPhase;
			buildActionMask = 2147483647;
			files = (
				F1A52A681C554ECF00E20A2F /* LaunchScreen.storyboard in Resources */,
				F1A52A651C554ECF00E20A2F /* Assets.xcassets in Resources */,
				F1A52A631C554ECF00E20A2F /* Main.storyboard in Resources */,
			);
			runOnlyForDeploymentPostprocessing = 0;
		};
/* End PBXResourcesBuildPhase section */

/* Begin PBXSourcesBuildPhase section */
		F1A52A561C554ECF00E20A2F /* Sources */ = {
			isa = PBXSourcesBuildPhase;
			buildActionMask = 2147483647;
			files = (
				F1A52A701C554F3200E20A2F /* PersonClass.swift in Sources */,
				F1A52A601C554ECF00E20A2F /* ViewController.swift in Sources */,
				F1A52A5E1C554ECF00E20A2F /* AppDelegate.swift in Sources */,
			);
			runOnlyForDeploymentPostprocessing = 0;
		};
/* End PBXSourcesBuildPhase section */

/* Begin PBXVariantGroup section */
		F1A52A611C554ECF00E20A2F /* Main.storyboard */ = {
			isa = PBXVariantGroup;
			children = (
				F1A52A621C554ECF00E20A2F /* Base */,
			);
			name = Main.storyboard;
			sourceTree = "<group>";
		};
		F1A52A661C554ECF00E20A2F /* LaunchScreen.storyboard */ = {
			isa = PBXVariantGroup;
			children = (
				F1A52A671C554ECF00E20A2F /* Base */,
			);
			name = LaunchScreen.storyboard;
			sourceTree = "<group>";
		};
/* End PBXVariantGroup section */

/* Begin XCBuildConfiguration section */
		F1A52A6A1C554ECF00E20A2F /* Debug */ = {
			isa = XCBuildConfiguration;
			buildSettings = {
				ALWAYS_SEARCH_USER_PATHS = NO;
				CLANG_CXX_LANGUAGE_STANDARD = "gnu++0x";
				CLANG_CXX_LIBRARY = "libc++";
				CLANG_ENABLE_MODULES = YES;
				CLANG_ENABLE_OBJC_ARC = YES;
				CLANG_WARN_BOOL_CONVERSION = YES;
				CLANG_WARN_CONSTANT_CONVERSION = YES;
				CLANG_WARN_DIRECT_OBJC_ISA_USAGE = YES_ERROR;
				CLANG_WARN_EMPTY_BODY = YES;
				CLANG_WARN_ENUM_CONVERSION = YES;
				CLANG_WARN_INT_CONVERSION = YES;
				CLANG_WARN_OBJC_ROOT_CLASS = YES_ERROR;
				CLANG_WARN_UNREACHABLE_CODE = YES;
				CLANG_WARN__DUPLICATE_METHOD_MATCH = YES;
				"CODE_SIGN_IDENTITY[sdk=iphoneos*]" = "iPhone Developer";
				COPY_PHASE_STRIP = NO;
				DEBUG_INFORMATION_FORMAT = dwarf;
				ENABLE_STRICT_OBJC_MSGSEND = YES;
				ENABLE_TESTABILITY = YES;
				GCC_C_LANGUAGE_STANDARD = gnu99;
				GCC_DYNAMIC_NO_PIC = NO;
				GCC_NO_COMMON_BLOCKS = YES;
				GCC_OPTIMIZATION_LEVEL = 0;
				GCC_PREPROCESSOR_DEFINITIONS = (
					"DEBUG=1",
					"$(inherited)",
				);
				GCC_WARN_64_TO_32_BIT_CONVERSION = YES;
				GCC_WARN_ABOUT_RETURN_TYPE = YES_ERROR;
				GCC_WARN_UNDECLARED_SELECTOR = YES;
				GCC_WARN_UNINITIALIZED_AUTOS = YES_AGGRESSIVE;
				GCC_WARN_UNUSED_FUNCTION = YES;
				GCC_WARN_UNUSED_VARIABLE = YES;
				IPHONEOS_DEPLOYMENT_TARGET = 9.2;
				MTL_ENABLE_DEBUG_INFO = YES;
				ONLY_ACTIVE_ARCH = YES;
				SDKROOT = iphoneos;
				SWIFT_OPTIMIZATION_LEVEL = "-Onone";
			};
			name = Debug;
		};
		F1A52A6B1C554ECF00E20A2F /* Release */ = {
			isa = XCBuildConfiguration;
			buildSettings = {
				ALWAYS_SEARCH_USER_PATHS = NO;
				CLANG_CXX_LANGUAGE_STANDARD = "gnu++0x";
				CLANG_CXX_LIBRARY = "libc++";
				CLANG_ENABLE_MODULES = YES;
				CLANG_ENABLE_OBJC_ARC = YES;
				CLANG_WARN_BOOL_CONVERSION = YES;
				CLANG_WARN_CONSTANT_CONVERSION = YES;
				CLANG_WARN_DIRECT_OBJC_ISA_USAGE = YES_ERROR;
				CLANG_WARN_EMPTY_BODY = YES;
				CLANG_WARN_ENUM_CONVERSION = YES;
				CLANG_WARN_INT_CONVERSION = YES;
				CLANG_WARN_OBJC_ROOT_CLASS = YES_ERROR;
				CLANG_WARN_UNREACHABLE_CODE = YES;
				CLANG_WARN__DUPLICATE_METHOD_MATCH = YES;
				"CODE_SIGN_IDENTITY[sdk=iphoneos*]" = "iPhone Developer";
				COPY_PHASE_STRIP = NO;
				DEBUG_INFORMATION_FORMAT = "dwarf-with-dsym";
				ENABLE_NS_ASSERTIONS = NO;
				ENABLE_STRICT_OBJC_MSGSEND = YES;
				GCC_C_LANGUAGE_STANDARD = gnu99;
				GCC_NO_COMMON_BLOCKS = YES;
				GCC_WARN_64_TO_32_BIT_CONVERSION = YES;
				GCC_WARN_ABOUT_RETURN_TYPE = YES_ERROR;
				GCC_WARN_UNDECLARED_SELECTOR = YES;
				GCC_WARN_UNINITIALIZED_AUTOS = YES_AGGRESSIVE;
				GCC_WARN_UNUSED_FUNCTION = YES;
				GCC_WARN_UNUSED_VARIABLE = YES;
				IPHONEOS_DEPLOYMENT_TARGET = 9.2;
				MTL_ENABLE_DEBUG_INFO = NO;
				SDKROOT = iphoneos;
				VALIDATE_PRODUCT = YES;
			};
			name = Release;
		};
		F1A52A6D1C554ECF00E20A2F /* Debug */ = {
			isa = XCBuildConfiguration;
			buildSettings = {
				ASSETCATALOG_COMPILER_APPICON_NAME = AppIcon;
				INFOPLIST_FILE = Person/Info.plist;
				LD_RUNPATH_SEARCH_PATHS = "$(inherited) @executable_path/Frameworks";
				PRODUCT_BUNDLE_IDENTIFIER = com.katesimmons.Person;
				PRODUCT_NAME = "$(TARGET_NAME)";
			};
			name = Debug;
		};
		F1A52A6E1C554ECF00E20A2F /* Release */ = {
			isa = XCBuildConfiguration;
			buildSettings = {
				ASSETCATALOG_COMPILER_APPICON_NAME = AppIcon;
				INFOPLIST_FILE = Person/Info.plist;
				LD_RUNPATH_SEARCH_PATHS = "$(inherited) @executable_path/Frameworks";
				PRODUCT_BUNDLE_IDENTIFIER = com.katesimmons.Person;
				PRODUCT_NAME = "$(TARGET_NAME)";
			};
			name = Release;
		};
/* End XCBuildConfiguration section */

/* Begin XCConfigurationList section */
		F1A52A551C554ECF00E20A2F /* Build configuration list for PBXProject "Person" */ = {
			isa = XCConfigurationList;
			buildConfigurations = (
				F1A52A6A1C554ECF00E20A2F /* Debug */,
				F1A52A6B1C554ECF00E20A2F /* Release */,
			);
			defaultConfigurationIsVisible = 0;
			defaultConfigurationName = Release;
		};
		F1A52A6C1C554ECF00E20A2F /* Build configuration list for PBXNativeTarget "Person" */ = {
			isa = XCConfigurationList;
			buildConfigurations = (
				F1A52A6D1C554ECF00E20A2F /* Debug */,
				F1A52A6E1C554ECF00E20A2F /* Release */,
			);
			defaultConfigurationIsVisible = 0;
		};
/* End XCConfigurationList section */
	};
	rootObject = F1A52A521C554ECF00E20A2F /* Project object */;
}
